
Microsoft Visual Studio Solution File, Format Version 12.00
# Visual Studio Version 16
VisualStudioVersion = 16.0.29806.167
MinimumVisualStudioVersion = 10.0.40219.1
Project("{9A19103F-16F7-4668-BE54-9A1E7A4F7556}") = "RayTracerChallenge.Lib", "RayTracerChallenge.Lib\RayTracerChallenge.Lib.csproj", "{D2639B42-19B3-43A3-811E-81107CB8957B}"
EndProject
Project("{FAE04EC0-301F-11D3-BF4B-00C04F79EFBC}") = "RayTracerChallenge.Lib.Tests", "RayTracerChallenge.Lib.Tests\RayTracerChallenge.Lib.Tests.csproj", "{7342DA41-41FB-4A53-B9DD-93EEBB6C1F2B}"
EndProject
Project("{FAE04EC0-301F-11D3-BF4B-00C04F79EFBC}") = "RayTracerChallenge.ProjectileDemo", "RayTracerChallenge.ProjectileDemo\RayTracerChallenge.ProjectileDemo.csproj", "{1091ED1B-224E-48B7-A9C8-DAF721B777BA}"
EndProject
Global
	GlobalSection(SolutionConfigurationPlatforms) = preSolution
		Debug|Any CPU = Debug|Any CPU
		Release|Any CPU = Release|Any CPU
	EndGlobalSection
	GlobalSection(ProjectConfigurationPlatforms) = postSolution
		{D2639B42-19B3-43A3-811E-81107CB8957B}.Debug|Any CPU.ActiveCfg = Debug|Any CPU
		{D2639B42-19B3-43A3-811E-81107CB8957B}.Debug|Any CPU.Build.0 = Debug|Any CPU
		{D2639B42-19B3-43A3-811E-81107CB8957B}.Release|Any CPU.ActiveCfg = Release|Any CPU
		{D2639B42-19B3-43A3-811E-81107CB8957B}.Release|Any CPU.Build.0 = Release|Any CPU
		{7342DA41-41FB-4A53-B9DD-93EEBB6C1F2B}.Debug|Any CPU.ActiveCfg = Debug|Any CPU
		{7342DA41-41FB-4A53-B9DD-93EEBB6C1F2B}.Debug|Any CPU.Build.0 = Debug|Any CPU
		{7342DA41-41FB-4A53-B9DD-93EEBB6C1F2B}.Release|Any CPU.ActiveCfg = Release|Any CPU
		{7342DA41-41FB-4A53-B9DD-93EEBB6C1F2B}.Release|Any CPU.Build.0 = Release|Any CPU
		{1091ED1B-224E-48B7-A9C8-DAF721B777BA}.Debug|Any CPU.ActiveCfg = Debug|Any CPU
		{1091ED1B-224E-48B7-A9C8-DAF721B777BA}.Debug|Any CPU.Build.0 = Debug|Any CPU
		{1091ED1B-224E-48B7-A9C8-DAF721B777BA}.Release|Any CPU.ActiveCfg = Release|Any CPU
		{1091ED1B-224E-48B7-A9C8-DAF721B777BA}.Release|Any CPU.Build.0 = Release|Any CPU
	EndGlobalSection
	GlobalSection(SolutionProperties) = preSolution
		HideSolutionNode = FALSE
	EndGlobalSection
	GlobalSection(ExtensibilityGlobals) = postSolution
		SolutionGuid = {35EC41CF-AE53-4C80-BC3A-172730B37389}
	EndGlobalSection
EndGlobal
